
Microsoft Visual Studio Solution File, Format Version 12.00
# Visual Studio 14
VisualStudioVersion = 14.0.25420.1
MinimumVisualStudioVersion = 10.0.40219.1
Project("{FAE04EC0-301F-11D3-BF4B-00C04F79EFBC}") = "Bkav.SmartReport", "Bkav.SmartReport\Bkav.SmartReport.csproj", "{1D13CC48-48F7-45B9-8E51-FA826456B427}"
EndProject
Project("{FAE04EC0-301F-11D3-BF4B-00C04F79EFBC}") = "Bkav.eGovCloud", "..\Bkav.eGovCloud\Bkav.eGovCloud.csproj", "{D8ADD139-AA41-4CBA-865C-12D361B32B1B}"
EndProject
Project("{FAE04EC0-301F-11D3-BF4B-00C04F79EFBC}") = "Bkav.eGovCloud.Business", "..\Bkav.eGovCloud.Business\Bkav.eGovCloud.Business.csproj", "{4986542C-2E8D-44C1-8E72-AFA09EEAC56C}"
EndProject
Project("{FAE04EC0-301F-11D3-BF4B-00C04F79EFBC}") = "Bkav.eGovCloud.DataAccess", "..\Bkav.eGovCloud.DataAccess\Bkav.eGovCloud.DataAccess.csproj", "{05ADED69-DBC7-4440-9DC0-D055C28FB1BB}"
EndProject
Project("{FAE04EC0-301F-11D3-BF4B-00C04F79EFBC}") = "Bkav.eGovCloud.Entities", "..\Bkav.eGovCloud.Entities\Bkav.eGovCloud.Entities.csproj", "{90E7646F-43A0-41EF-86D3-6EE9C4428FEB}"
EndProject
Project("{FAE04EC0-301F-11D3-BF4B-00C04F79EFBC}") = "Bkav.eGovCloud.Core", "..\Bkav.eGovCloud.Core\Bkav.eGovCloud.Core.csproj", "{CA506352-51FE-4E84-8AE3-F133D6CB0400}"
EndProject
Project("{FAE04EC0-301F-11D3-BF4B-00C04F79EFBC}") = "Bkav.eGovCloud.Search", "..\Bkav.eGovCloud.Search\Bkav.eGovCloud.Search.csproj", "{5CDB9878-DE6A-44AC-9902-F24A5DD91070}"
EndProject
Project("{FAE04EC0-301F-11D3-BF4B-00C04F79EFBC}") = "Bkav.eGovCloud.Web.Framework", "..\Bkav.eGovCloud.Web.Framework\Bkav.eGovCloud.Web.Framework.csproj", "{D509083F-64D8-4849-897C-F131E870FCBD}"
EndProject
Global
	GlobalSection(SolutionConfigurationPlatforms) = preSolution
		BkavVersion|Any CPU = BkavVersion|Any CPU
		Debug|Any CPU = Debug|Any CPU
		hopcv|Any CPU = hopcv|Any CPU
		HoSoMotCuaEdition - Debug|Any CPU = HoSoMotCuaEdition - Debug|Any CPU
		HoSoMotCuaEdition - Release|Any CPU = HoSoMotCuaEdition - Release|Any CPU
		HoSoMotCuaQuanTriTapTrungEdition - Debug|Any CPU = HoSoMotCuaQuanTriTapTrungEdition - Debug|Any CPU
		HoSoMotCuaQuanTriTapTrungEdition - Release|Any CPU = HoSoMotCuaQuanTriTapTrungEdition - Release|Any CPU
		HSMC-QuanTriTapTrungEdition - Debug|Any CPU = HSMC-QuanTriTapTrungEdition - Debug|Any CPU
		HSMC-QuanTriTapTrungEdition - Release|Any CPU = HSMC-QuanTriTapTrungEdition - Release|Any CPU
		QuanTriTapTrungEdition - Debug|Any CPU = QuanTriTapTrungEdition - Debug|Any CPU
		QuanTriTapTrungEdition - Release|Any CPU = QuanTriTapTrungEdition - Release|Any CPU
		Release|Any CPU = Release|Any CPU
		Smart|Any CPU = Smart|Any CPU
		Test - TrinhNVd|Any CPU = Test - TrinhNVd|Any CPU
		Test|Any CPU = Test|Any CPU
		XLVB-QuanTriTapTrungEdition - Debug|Any CPU = XLVB-QuanTriTapTrungEdition - Debug|Any CPU
		XLVB-QuanTriTapTrungEdition - Release|Any CPU = XLVB-QuanTriTapTrungEdition - Release|Any CPU
		XuLyVanBanEdition - Debug|Any CPU = XuLyVanBanEdition - Debug|Any CPU
		XuLyVanBanEdition - Release|Any CPU = XuLyVanBanEdition - Release|Any CPU
		XuLyVanBanQuanTriTapTrungEdition - Debug|Any CPU = XuLyVanBanQuanTriTapTrungEdition - Debug|Any CPU
		XuLyVanBanQuanTriTapTrungEdition - Release|Any CPU = XuLyVanBanQuanTriTapTrungEdition - Release|Any CPU
	EndGlobalSection
	GlobalSection(ProjectConfigurationPlatforms) = postSolution
		{1D13CC48-48F7-45B9-8E51-FA826456B427}.BkavVersion|Any CPU.ActiveCfg = Release|Any CPU
		{1D13CC48-48F7-45B9-8E51-FA826456B427}.BkavVersion|Any CPU.Build.0 = Release|Any CPU
		{1D13CC48-48F7-45B9-8E51-FA826456B427}.Debug|Any CPU.ActiveCfg = Debug|Any CPU
		{1D13CC48-48F7-45B9-8E51-FA826456B427}.Debug|Any CPU.Build.0 = Debug|Any CPU
		{1D13CC48-48F7-45B9-8E51-FA826456B427}.hopcv|Any CPU.ActiveCfg = Debug|Any CPU
		{1D13CC48-48F7-45B9-8E51-FA826456B427}.hopcv|Any CPU.Build.0 = Debug|Any CPU
		{1D13CC48-48F7-45B9-8E51-FA826456B427}.HoSoMotCuaEdition - Debug|Any CPU.ActiveCfg = Debug|Any CPU
		{1D13CC48-48F7-45B9-8E51-FA826456B427}.HoSoMotCuaEdition - Debug|Any CPU.Build.0 = Debug|Any CPU
		{1D13CC48-48F7-45B9-8E51-FA826456B427}.HoSoMotCuaEdition - Release|Any CPU.ActiveCfg = Release|Any CPU
		{1D13CC48-48F7-45B9-8E51-FA826456B427}.HoSoMotCuaEdition - Release|Any CPU.Build.0 = Release|Any CPU
		{1D13CC48-48F7-45B9-8E51-FA826456B427}.HoSoMotCuaQuanTriTapTrungEdition - Debug|Any CPU.ActiveCfg = Debug|Any CPU
		{1D13CC48-48F7-45B9-8E51-FA826456B427}.HoSoMotCuaQuanTriTapTrungEdition - Debug|Any CPU.Build.0 = Debug|Any CPU
		{1D13CC48-48F7-45B9-8E51-FA826456B427}.HoSoMotCuaQuanTriTapTrungEdition - Release|Any CPU.ActiveCfg = Release|Any CPU
		{1D13CC48-48F7-45B9-8E51-FA826456B427}.HoSoMotCuaQuanTriTapTrungEdition - Release|Any CPU.Build.0 = Release|Any CPU
		{1D13CC48-48F7-45B9-8E51-FA826456B427}.HSMC-QuanTriTapTrungEdition - Debug|Any CPU.ActiveCfg = Debug|Any CPU
		{1D13CC48-48F7-45B9-8E51-FA826456B427}.HSMC-QuanTriTapTrungEdition - Debug|Any CPU.Build.0 = Debug|Any CPU
		{1D13CC48-48F7-45B9-8E51-FA826456B427}.HSMC-QuanTriTapTrungEdition - Release|Any CPU.ActiveCfg = Release|Any CPU
		{1D13CC48-48F7-45B9-8E51-FA826456B427}.HSMC-QuanTriTapTrungEdition - Release|Any CPU.Build.0 = Release|Any CPU
		{1D13CC48-48F7-45B9-8E51-FA826456B427}.QuanTriTapTrungEdition - Debug|Any CPU.ActiveCfg = Debug|Any CPU
		{1D13CC48-48F7-45B9-8E51-FA826456B427}.QuanTriTapTrungEdition - Debug|Any CPU.Build.0 = Debug|Any CPU
		{1D13CC48-48F7-45B9-8E51-FA826456B427}.QuanTriTapTrungEdition - Release|Any CPU.ActiveCfg = Release|Any CPU
		{1D13CC48-48F7-45B9-8E51-FA826456B427}.QuanTriTapTrungEdition - Release|Any CPU.Build.0 = Release|Any CPU
		{1D13CC48-48F7-45B9-8E51-FA826456B427}.Release|Any CPU.ActiveCfg = Release|Any CPU
		{1D13CC48-48F7-45B9-8E51-FA826456B427}.Release|Any CPU.Build.0 = Release|Any CPU
		{1D13CC48-48F7-45B9-8E51-FA826456B427}.Smart|Any CPU.ActiveCfg = Debug|Any CPU
		{1D13CC48-48F7-45B9-8E51-FA826456B427}.Smart|Any CPU.Build.0 = Debug|Any CPU
		{1D13CC48-48F7-45B9-8E51-FA826456B427}.Test - TrinhNVd|Any CPU.ActiveCfg = Release|Any CPU
		{1D13CC48-48F7-45B9-8E51-FA826456B427}.Test - TrinhNVd|Any CPU.Build.0 = Release|Any CPU
		{1D13CC48-48F7-45B9-8E51-FA826456B427}.Test|Any CPU.ActiveCfg = Release|Any CPU
		{1D13CC48-48F7-45B9-8E51-FA826456B427}.Test|Any CPU.Build.0 = Release|Any CPU
		{1D13CC48-48F7-45B9-8E51-FA826456B427}.XLVB-QuanTriTapTrungEdition - Debug|Any CPU.ActiveCfg = Debug|Any CPU
		{1D13CC48-48F7-45B9-8E51-FA826456B427}.XLVB-QuanTriTapTrungEdition - Debug|Any CPU.Build.0 = Debug|Any CPU
		{1D13CC48-48F7-45B9-8E51-FA826456B427}.XLVB-QuanTriTapTrungEdition - Release|Any CPU.ActiveCfg = Release|Any CPU
		{1D13CC48-48F7-45B9-8E51-FA826456B427}.XLVB-QuanTriTapTrungEdition - Release|Any CPU.Build.0 = Release|Any CPU
		{1D13CC48-48F7-45B9-8E51-FA826456B427}.XuLyVanBanEdition - Debug|Any CPU.ActiveCfg = Debug|Any CPU
		{1D13CC48-48F7-45B9-8E51-FA826456B427}.XuLyVanBanEdition - Debug|Any CPU.Build.0 = Debug|Any CPU
		{1D13CC48-48F7-45B9-8E51-FA826456B427}.XuLyVanBanEdition - Release|Any CPU.ActiveCfg = Release|Any CPU
		{1D13CC48-48F7-45B9-8E51-FA826456B427}.XuLyVanBanEdition - Release|Any CPU.Build.0 = Release|Any CPU
		{1D13CC48-48F7-45B9-8E51-FA826456B427}.XuLyVanBanQuanTriTapTrungEdition - Debug|Any CPU.ActiveCfg = Debug|Any CPU
		{1D13CC48-48F7-45B9-8E51-FA826456B427}.XuLyVanBanQuanTriTapTrungEdition - Debug|Any CPU.Build.0 = Debug|Any CPU
		{1D13CC48-48F7-45B9-8E51-FA826456B427}.XuLyVanBanQuanTriTapTrungEdition - Release|Any CPU.ActiveCfg = Release|Any CPU
		{1D13CC48-48F7-45B9-8E51-FA826456B427}.XuLyVanBanQuanTriTapTrungEdition - Release|Any CPU.Build.0 = Release|Any CPU
		{D8ADD139-AA41-4CBA-865C-12D361B32B1B}.BkavVersion|Any CPU.ActiveCfg = XuLyVanBanQuanTriTapTrungEdition - Release|Any CPU
		{D8ADD139-AA41-4CBA-865C-12D361B32B1B}.BkavVersion|Any CPU.Build.0 = XuLyVanBanQuanTriTapTrungEdition - Release|Any CPU
		{D8ADD139-AA41-4CBA-865C-12D361B32B1B}.Debug|Any CPU.ActiveCfg = Debug|Any CPU
		{D8ADD139-AA41-4CBA-865C-12D361B32B1B}.Debug|Any CPU.Build.0 = Debug|Any CPU
		{D8ADD139-AA41-4CBA-865C-12D361B32B1B}.hopcv|Any CPU.ActiveCfg = HoSoMotCuaQuanTriTapTrungEdition - Release|Any CPU
		{D8ADD139-AA41-4CBA-865C-12D361B32B1B}.hopcv|Any CPU.Build.0 = HoSoMotCuaQuanTriTapTrungEdition - Release|Any CPU
		{D8ADD139-AA41-4CBA-865C-12D361B32B1B}.HoSoMotCuaEdition - Debug|Any CPU.ActiveCfg = HoSoMotCuaEdition - Debug|Any CPU
		{D8ADD139-AA41-4CBA-865C-12D361B32B1B}.HoSoMotCuaEdition - Debug|Any CPU.Build.0 = HoSoMotCuaEdition - Debug|Any CPU
		{D8ADD139-AA41-4CBA-865C-12D361B32B1B}.HoSoMotCuaEdition - Release|Any CPU.ActiveCfg = HoSoMotCuaEdition - Release|Any CPU
		{D8ADD139-AA41-4CBA-865C-12D361B32B1B}.HoSoMotCuaEdition - Release|Any CPU.Build.0 = HoSoMotCuaEdition - Release|Any CPU
		{D8ADD139-AA41-4CBA-865C-12D361B32B1B}.HoSoMotCuaQuanTriTapTrungEdition - Debug|Any CPU.ActiveCfg = HoSoMotCuaQuanTriTapTrungEdition - Debug|Any CPU
		{D8ADD139-AA41-4CBA-865C-12D361B32B1B}.HoSoMotCuaQuanTriTapTrungEdition - Debug|Any CPU.Build.0 = HoSoMotCuaQuanTriTapTrungEdition - Debug|Any CPU
		{D8ADD139-AA41-4CBA-865C-12D361B32B1B}.HoSoMotCuaQuanTriTapTrungEdition - Release|Any CPU.ActiveCfg = HoSoMotCuaQuanTriTapTrungEdition - Release|Any CPU
		{D8ADD139-AA41-4CBA-865C-12D361B32B1B}.HoSoMotCuaQuanTriTapTrungEdition - Release|Any CPU.Build.0 = HoSoMotCuaQuanTriTapTrungEdition - Release|Any CPU
		{D8ADD139-AA41-4CBA-865C-12D361B32B1B}.HSMC-QuanTriTapTrungEdition - Debug|Any CPU.ActiveCfg = QuanTriTapTrungEdition - Debug|Any CPU
		{D8ADD139-AA41-4CBA-865C-12D361B32B1B}.HSMC-QuanTriTapTrungEdition - Debug|Any CPU.Build.0 = QuanTriTapTrungEdition - Debug|Any CPU
		{D8ADD139-AA41-4CBA-865C-12D361B32B1B}.HSMC-QuanTriTapTrungEdition - Release|Any CPU.ActiveCfg = QuanTriTapTrungEdition - Release|Any CPU
		{D8ADD139-AA41-4CBA-865C-12D361B32B1B}.HSMC-QuanTriTapTrungEdition - Release|Any CPU.Build.0 = QuanTriTapTrungEdition - Release|Any CPU
		{D8ADD139-AA41-4CBA-865C-12D361B32B1B}.QuanTriTapTrungEdition - Debug|Any CPU.ActiveCfg = QuanTriTapTrungEdition - Debug|Any CPU
		{D8ADD139-AA41-4CBA-865C-12D361B32B1B}.QuanTriTapTrungEdition - Debug|Any CPU.Build.0 = QuanTriTapTrungEdition - Debug|Any CPU
		{D8ADD139-AA41-4CBA-865C-12D361B32B1B}.QuanTriTapTrungEdition - Release|Any CPU.ActiveCfg = QuanTriTapTrungEdition - Release|Any CPU
		{D8ADD139-AA41-4CBA-865C-12D361B32B1B}.QuanTriTapTrungEdition - Release|Any CPU.Build.0 = QuanTriTapTrungEdition - Release|Any CPU
		{D8ADD139-AA41-4CBA-865C-12D361B32B1B}.Release|Any CPU.ActiveCfg = Release|Any CPU
		{D8ADD139-AA41-4CBA-865C-12D361B32B1B}.Release|Any CPU.Build.0 = Release|Any CPU
		{D8ADD139-AA41-4CBA-865C-12D361B32B1B}.Smart|Any CPU.ActiveCfg = XuLyVanBanQuanTriTapTrungEdition - Debug|Any CPU
		{D8ADD139-AA41-4CBA-865C-12D361B32B1B}.Smart|Any CPU.Build.0 = XuLyVanBanQuanTriTapTrungEdition - Debug|Any CPU
		{D8ADD139-AA41-4CBA-865C-12D361B32B1B}.Test - TrinhNVd|Any CPU.ActiveCfg = XuLyVanBanQuanTriTapTrungEdition - Release|Any CPU
		{D8ADD139-AA41-4CBA-865C-12D361B32B1B}.Test - TrinhNVd|Any CPU.Build.0 = XuLyVanBanQuanTriTapTrungEdition - Release|Any CPU
		{D8ADD139-AA41-4CBA-865C-12D361B32B1B}.Test|Any CPU.ActiveCfg = XuLyVanBanQuanTriTapTrungEdition - Release|Any CPU
		{D8ADD139-AA41-4CBA-865C-12D361B32B1B}.Test|Any CPU.Build.0 = XuLyVanBanQuanTriTapTrungEdition - Release|Any CPU
		{D8ADD139-AA41-4CBA-865C-12D361B32B1B}.XLVB-QuanTriTapTrungEdition - Debug|Any CPU.ActiveCfg = QuanTriTapTrungEdition - Debug|Any CPU
		{D8ADD139-AA41-4CBA-865C-12D361B32B1B}.XLVB-QuanTriTapTrungEdition - Debug|Any CPU.Build.0 = QuanTriTapTrungEdition - Debug|Any CPU
		{D8ADD139-AA41-4CBA-865C-12D361B32B1B}.XLVB-QuanTriTapTrungEdition - Release|Any CPU.ActiveCfg = QuanTriTapTrungEdition - Release|Any CPU
		{D8ADD139-AA41-4CBA-865C-12D361B32B1B}.XLVB-QuanTriTapTrungEdition - Release|Any CPU.Build.0 = QuanTriTapTrungEdition - Release|Any CPU
		{D8ADD139-AA41-4CBA-865C-12D361B32B1B}.XuLyVanBanEdition - Debug|Any CPU.ActiveCfg = XuLyVanBanEdition - Debug|Any CPU
		{D8ADD139-AA41-4CBA-865C-12D361B32B1B}.XuLyVanBanEdition - Debug|Any CPU.Build.0 = XuLyVanBanEdition - Debug|Any CPU
		{D8ADD139-AA41-4CBA-865C-12D361B32B1B}.XuLyVanBanEdition - Release|Any CPU.ActiveCfg = XuLyVanBanEdition - Release|Any CPU
		{D8ADD139-AA41-4CBA-865C-12D361B32B1B}.XuLyVanBanEdition - Release|Any CPU.Build.0 = XuLyVanBanEdition - Release|Any CPU
		{D8ADD139-AA41-4CBA-865C-12D361B32B1B}.XuLyVanBanQuanTriTapTrungEdition - Debug|Any CPU.ActiveCfg = XuLyVanBanQuanTriTapTrungEdition - Debug|Any CPU
		{D8ADD139-AA41-4CBA-865C-12D361B32B1B}.XuLyVanBanQuanTriTapTrungEdition - Debug|Any CPU.Build.0 = XuLyVanBanQuanTriTapTrungEdition - Debug|Any CPU
		{D8ADD139-AA41-4CBA-865C-12D361B32B1B}.XuLyVanBanQuanTriTapTrungEdition - Release|Any CPU.ActiveCfg = XuLyVanBanQuanTriTapTrungEdition - Release|Any CPU
		{D8ADD139-AA41-4CBA-865C-12D361B32B1B}.XuLyVanBanQuanTriTapTrungEdition - Release|Any CPU.Build.0 = XuLyVanBanQuanTriTapTrungEdition - Release|Any CPU
		{4986542C-2E8D-44C1-8E72-AFA09EEAC56C}.BkavVersion|Any CPU.ActiveCfg = BkavVersion|Any CPU
		{4986542C-2E8D-44C1-8E72-AFA09EEAC56C}.BkavVersion|Any CPU.Build.0 = BkavVersion|Any CPU
		{4986542C-2E8D-44C1-8E72-AFA09EEAC56C}.Debug|Any CPU.ActiveCfg = Debug|Any CPU
		{4986542C-2E8D-44C1-8E72-AFA09EEAC56C}.Debug|Any CPU.Build.0 = Debug|Any CPU
		{4986542C-2E8D-44C1-8E72-AFA09EEAC56C}.hopcv|Any CPU.ActiveCfg = HoSoMotCuaEdition - Release|Any CPU
		{4986542C-2E8D-44C1-8E72-AFA09EEAC56C}.hopcv|Any CPU.Build.0 = HoSoMotCuaEdition - Release|Any CPU
		{4986542C-2E8D-44C1-8E72-AFA09EEAC56C}.HoSoMotCuaEdition - Debug|Any CPU.ActiveCfg = HoSoMotCuaEdition - Debug|Any CPU
		{4986542C-2E8D-44C1-8E72-AFA09EEAC56C}.HoSoMotCuaEdition - Debug|Any CPU.Build.0 = HoSoMotCuaEdition - Debug|Any CPU
		{4986542C-2E8D-44C1-8E72-AFA09EEAC56C}.HoSoMotCuaEdition - Release|Any CPU.ActiveCfg = HoSoMotCuaEdition - Release|Any CPU
		{4986542C-2E8D-44C1-8E72-AFA09EEAC56C}.HoSoMotCuaEdition - Release|Any CPU.Build.0 = HoSoMotCuaEdition - Release|Any CPU
		{4986542C-2E8D-44C1-8E72-AFA09EEAC56C}.HoSoMotCuaQuanTriTapTrungEdition - Debug|Any CPU.ActiveCfg = QuanTriTapTrungEdition - Debug|Any CPU
		{4986542C-2E8D-44C1-8E72-AFA09EEAC56C}.HoSoMotCuaQuanTriTapTrungEdition - Debug|Any CPU.Build.0 = QuanTriTapTrungEdition - Debug|Any CPU
		{4986542C-2E8D-44C1-8E72-AFA09EEAC56C}.HoSoMotCuaQuanTriTapTrungEdition - Release|Any CPU.ActiveCfg = QuanTriTapTrungEdition - Release|Any CPU
		{4986542C-2E8D-44C1-8E72-AFA09EEAC56C}.HoSoMotCuaQuanTriTapTrungEdition - Release|Any CPU.Build.0 = QuanTriTapTrungEdition - Release|Any CPU
		{4986542C-2E8D-44C1-8E72-AFA09EEAC56C}.HSMC-QuanTriTapTrungEdition - Debug|Any CPU.ActiveCfg = HSMC-QuanTriTapTrungEdition - Debug|Any CPU
		{4986542C-2E8D-44C1-8E72-AFA09EEAC56C}.HSMC-QuanTriTapTrungEdition - Debug|Any CPU.Build.0 = HSMC-QuanTriTapTrungEdition - Debug|Any CPU
		{4986542C-2E8D-44C1-8E72-AFA09EEAC56C}.HSMC-QuanTriTapTrungEdition - Release|Any CPU.ActiveCfg = HSMC-QuanTriTapTrungEdition - Release|Any CPU
		{4986542C-2E8D-44C1-8E72-AFA09EEAC56C}.HSMC-QuanTriTapTrungEdition - Release|Any CPU.Build.0 = HSMC-QuanTriTapTrungEdition - Release|Any CPU
		{4986542C-2E8D-44C1-8E72-AFA09EEAC56C}.QuanTriTapTrungEdition - Debug|Any CPU.ActiveCfg = QuanTriTapTrungEdition - Debug|Any CPU
		{4986542C-2E8D-44C1-8E72-AFA09EEAC56C}.QuanTriTapTrungEdition - Debug|Any CPU.Build.0 = QuanTriTapTrungEdition - Debug|Any CPU
		{4986542C-2E8D-44C1-8E72-AFA09EEAC56C}.QuanTriTapTrungEdition - Release|Any CPU.ActiveCfg = QuanTriTapTrungEdition - Release|Any CPU
		{4986542C-2E8D-44C1-8E72-AFA09EEAC56C}.QuanTriTapTrungEdition - Release|Any CPU.Build.0 = QuanTriTapTrungEdition - Release|Any CPU
		{4986542C-2E8D-44C1-8E72-AFA09EEAC56C}.Release|Any CPU.ActiveCfg = Release|Any CPU
		{4986542C-2E8D-44C1-8E72-AFA09EEAC56C}.Release|Any CPU.Build.0 = Release|Any CPU
		{4986542C-2E8D-44C1-8E72-AFA09EEAC56C}.Smart|Any CPU.ActiveCfg = XuLyVanBanEdition - Release|Any CPU
		{4986542C-2E8D-44C1-8E72-AFA09EEAC56C}.Smart|Any CPU.Build.0 = XuLyVanBanEdition - Release|Any CPU
		{4986542C-2E8D-44C1-8E72-AFA09EEAC56C}.Test - TrinhNVd|Any CPU.ActiveCfg = Test - TrinhNVd|Any CPU
		{4986542C-2E8D-44C1-8E72-AFA09EEAC56C}.Test - TrinhNVd|Any CPU.Build.0 = Test - TrinhNVd|Any CPU
		{4986542C-2E8D-44C1-8E72-AFA09EEAC56C}.Test|Any CPU.ActiveCfg = Test|Any CPU
		{4986542C-2E8D-44C1-8E72-AFA09EEAC56C}.Test|Any CPU.Build.0 = Test|Any CPU
		{4986542C-2E8D-44C1-8E72-AFA09EEAC56C}.XLVB-QuanTriTapTrungEdition - Debug|Any CPU.ActiveCfg = XLVB-QuanTriTapTrungEdition - Debug|Any CPU
		{4986542C-2E8D-44C1-8E72-AFA09EEAC56C}.XLVB-QuanTriTapTrungEdition - Debug|Any CPU.Build.0 = XLVB-QuanTriTapTrungEdition - Debug|Any CPU
		{4986542C-2E8D-44C1-8E72-AFA09EEAC56C}.XLVB-QuanTriTapTrungEdition - Release|Any CPU.ActiveCfg = XLVB-QuanTriTapTrungEdition - Release|Any CPU
		{4986542C-2E8D-44C1-8E72-AFA09EEAC56C}.XLVB-QuanTriTapTrungEdition - Release|Any CPU.Build.0 = XLVB-QuanTriTapTrungEdition - Release|Any CPU
		{4986542C-2E8D-44C1-8E72-AFA09EEAC56C}.XuLyVanBanEdition - Debug|Any CPU.ActiveCfg = XuLyVanBanEdition - Debug|Any CPU
		{4986542C-2E8D-44C1-8E72-AFA09EEAC56C}.XuLyVanBanEdition - Debug|Any CPU.Build.0 = XuLyVanBanEdition - Debug|Any CPU
		{4986542C-2E8D-44C1-8E72-AFA09EEAC56C}.XuLyVanBanEdition - Release|Any CPU.ActiveCfg = XuLyVanBanEdition - Release|Any CPU
		{4986542C-2E8D-44C1-8E72-AFA09EEAC56C}.XuLyVanBanEdition - Release|Any CPU.Build.0 = XuLyVanBanEdition - Release|Any CPU
		{4986542C-2E8D-44C1-8E72-AFA09EEAC56C}.XuLyVanBanQuanTriTapTrungEdition - Debug|Any CPU.ActiveCfg = QuanTriTapTrungEdition - Debug|Any CPU
		{4986542C-2E8D-44C1-8E72-AFA09EEAC56C}.XuLyVanBanQuanTriTapTrungEdition - Debug|Any CPU.Build.0 = QuanTriTapTrungEdition - Debug|Any CPU
		{4986542C-2E8D-44C1-8E72-AFA09EEAC56C}.XuLyVanBanQuanTriTapTrungEdition - Release|Any CPU.ActiveCfg = QuanTriTapTrungEdition - Release|Any CPU
		{4986542C-2E8D-44C1-8E72-AFA09EEAC56C}.XuLyVanBanQuanTriTapTrungEdition - Release|Any CPU.Build.0 = QuanTriTapTrungEdition - Release|Any CPU
		{05ADED69-DBC7-4440-9DC0-D055C28FB1BB}.BkavVersion|Any CPU.ActiveCfg = BkavVersion|Any CPU
		{05ADED69-DBC7-4440-9DC0-D055C28FB1BB}.BkavVersion|Any CPU.Build.0 = BkavVersion|Any CPU
		{05ADED69-DBC7-4440-9DC0-D055C28FB1BB}.Debug|Any CPU.ActiveCfg = Debug|Any CPU
		{05ADED69-DBC7-4440-9DC0-D055C28FB1BB}.Debug|Any CPU.Build.0 = Debug|Any CPU
		{05ADED69-DBC7-4440-9DC0-D055C28FB1BB}.hopcv|Any CPU.ActiveCfg = HoSoMotCuaQuanTriTapTrungEdition - Release|Any CPU
		{05ADED69-DBC7-4440-9DC0-D055C28FB1BB}.hopcv|Any CPU.Build.0 = HoSoMotCuaQuanTriTapTrungEdition - Release|Any CPU
		{05ADED69-DBC7-4440-9DC0-D055C28FB1BB}.HoSoMotCuaEdition - Debug|Any CPU.ActiveCfg = HoSoMotCuaEdition - Debug|Any CPU
		{05ADED69-DBC7-4440-9DC0-D055C28FB1BB}.HoSoMotCuaEdition - Debug|Any CPU.Build.0 = HoSoMotCuaEdition - Debug|Any CPU
		{05ADED69-DBC7-4440-9DC0-D055C28FB1BB}.HoSoMotCuaEdition - Release|Any CPU.ActiveCfg = HoSoMotCuaEdition - Release|Any CPU
		{05ADED69-DBC7-4440-9DC0-D055C28FB1BB}.HoSoMotCuaEdition - Release|Any CPU.Build.0 = HoSoMotCuaEdition - Release|Any CPU
		{05ADED69-DBC7-4440-9DC0-D055C28FB1BB}.HoSoMotCuaQuanTriTapTrungEdition - Debug|Any CPU.ActiveCfg = HoSoMotCuaQuanTriTapTrungEdition - Debug|Any CPU
		{05ADED69-DBC7-4440-9DC0-D055C28FB1BB}.HoSoMotCuaQuanTriTapTrungEdition - Debug|Any CPU.Build.0 = HoSoMotCuaQuanTriTapTrungEdition - Debug|Any CPU
		{05ADED69-DBC7-4440-9DC0-D055C28FB1BB}.HoSoMotCuaQuanTriTapTrungEdition - Release|Any CPU.ActiveCfg = HoSoMotCuaQuanTriTapTrungEdition - Release|Any CPU
		{05ADED69-DBC7-4440-9DC0-D055C28FB1BB}.HoSoMotCuaQuanTriTapTrungEdition - Release|Any CPU.Build.0 = HoSoMotCuaQuanTriTapTrungEdition - Release|Any CPU
		{05ADED69-DBC7-4440-9DC0-D055C28FB1BB}.HSMC-QuanTriTapTrungEdition - Debug|Any CPU.ActiveCfg = QuanTriTapTrungEdition - Debug|Any CPU
		{05ADED69-DBC7-4440-9DC0-D055C28FB1BB}.HSMC-QuanTriTapTrungEdition - Debug|Any CPU.Build.0 = QuanTriTapTrungEdition - Debug|Any CPU
		{05ADED69-DBC7-4440-9DC0-D055C28FB1BB}.HSMC-QuanTriTapTrungEdition - Release|Any CPU.ActiveCfg = QuanTriTapTrungEdition - Release|Any CPU
		{05ADED69-DBC7-4440-9DC0-D055C28FB1BB}.HSMC-QuanTriTapTrungEdition - Release|Any CPU.Build.0 = QuanTriTapTrungEdition - Release|Any CPU
		{05ADED69-DBC7-4440-9DC0-D055C28FB1BB}.QuanTriTapTrungEdition - Debug|Any CPU.ActiveCfg = QuanTriTapTrungEdition - Debug|Any CPU
		{05ADED69-DBC7-4440-9DC0-D055C28FB1BB}.QuanTriTapTrungEdition - Debug|Any CPU.Build.0 = QuanTriTapTrungEdition - Debug|Any CPU
		{05ADED69-DBC7-4440-9DC0-D055C28FB1BB}.QuanTriTapTrungEdition - Release|Any CPU.ActiveCfg = QuanTriTapTrungEdition - Release|Any CPU
		{05ADED69-DBC7-4440-9DC0-D055C28FB1BB}.QuanTriTapTrungEdition - Release|Any CPU.Build.0 = QuanTriTapTrungEdition - Release|Any CPU
		{05ADED69-DBC7-4440-9DC0-D055C28FB1BB}.Release|Any CPU.ActiveCfg = Release|Any CPU
		{05ADED69-DBC7-4440-9DC0-D055C28FB1BB}.Release|Any CPU.Build.0 = Release|Any CPU
		{05ADED69-DBC7-4440-9DC0-D055C28FB1BB}.Smart|Any CPU.ActiveCfg = XuLyVanBanQuanTriTapTrungEdition - Release|Any CPU
		{05ADED69-DBC7-4440-9DC0-D055C28FB1BB}.Smart|Any CPU.Build.0 = XuLyVanBanQuanTriTapTrungEdition - Release|Any CPU
		{05ADED69-DBC7-4440-9DC0-D055C28FB1BB}.Test - TrinhNVd|Any CPU.ActiveCfg = Test - TrinhNVd|Any CPU
		{05ADED69-DBC7-4440-9DC0-D055C28FB1BB}.Test - TrinhNVd|Any CPU.Build.0 = Test - TrinhNVd|Any CPU
		{05ADED69-DBC7-4440-9DC0-D055C28FB1BB}.Test|Any CPU.ActiveCfg = Test|Any CPU
		{05ADED69-DBC7-4440-9DC0-D055C28FB1BB}.Test|Any CPU.Build.0 = Test|Any CPU
		{05ADED69-DBC7-4440-9DC0-D055C28FB1BB}.XLVB-QuanTriTapTrungEdition - Debug|Any CPU.ActiveCfg = QuanTriTapTrungEdition - Debug|Any CPU
		{05ADED69-DBC7-4440-9DC0-D055C28FB1BB}.XLVB-QuanTriTapTrungEdition - Debug|Any CPU.Build.0 = QuanTriTapTrungEdition - Debug|Any CPU
		{05ADED69-DBC7-4440-9DC0-D055C28FB1BB}.XLVB-QuanTriTapTrungEdition - Release|Any CPU.ActiveCfg = QuanTriTapTrungEdition - Release|Any CPU
		{05ADED69-DBC7-4440-9DC0-D055C28FB1BB}.XLVB-QuanTriTapTrungEdition - Release|Any CPU.Build.0 = QuanTriTapTrungEdition - Release|Any CPU
		{05ADED69-DBC7-4440-9DC0-D055C28FB1BB}.XuLyVanBanEdition - Debug|Any CPU.ActiveCfg = XuLyVanBanEdition - Debug|Any CPU
		{05ADED69-DBC7-4440-9DC0-D055C28FB1BB}.XuLyVanBanEdition - Debug|Any CPU.Build.0 = XuLyVanBanEdition - Debug|Any CPU
		{05ADED69-DBC7-4440-9DC0-D055C28FB1BB}.XuLyVanBanEdition - Release|Any CPU.ActiveCfg = XuLyVanBanEdition - Release|Any CPU
		{05ADED69-DBC7-4440-9DC0-D055C28FB1BB}.XuLyVanBanEdition - Release|Any CPU.Build.0 = XuLyVanBanEdition - Release|Any CPU
		{05ADED69-DBC7-4440-9DC0-D055C28FB1BB}.XuLyVanBanQuanTriTapTrungEdition - Debug|Any CPU.ActiveCfg = XuLyVanBanQuanTriTapTrungEdition - Debug|Any CPU
		{05ADED69-DBC7-4440-9DC0-D055C28FB1BB}.XuLyVanBanQuanTriTapTrungEdition - Debug|Any CPU.Build.0 = XuLyVanBanQuanTriTapTrungEdition - Debug|Any CPU
		{05ADED69-DBC7-4440-9DC0-D055C28FB1BB}.XuLyVanBanQuanTriTapTrungEdition - Release|Any CPU.ActiveCfg = XuLyVanBanQuanTriTapTrungEdition - Release|Any CPU
		{05ADED69-DBC7-4440-9DC0-D055C28FB1BB}.XuLyVanBanQuanTriTapTrungEdition - Release|Any CPU.Build.0 = XuLyVanBanQuanTriTapTrungEdition - Release|Any CPU
		{90E7646F-43A0-41EF-86D3-6EE9C4428FEB}.BkavVersion|Any CPU.ActiveCfg = BkavVersion|Any CPU
		{90E7646F-43A0-41EF-86D3-6EE9C4428FEB}.BkavVersion|Any CPU.Build.0 = BkavVersion|Any CPU
		{90E7646F-43A0-41EF-86D3-6EE9C4428FEB}.Debug|Any CPU.ActiveCfg = Debug|Any CPU
		{90E7646F-43A0-41EF-86D3-6EE9C4428FEB}.Debug|Any CPU.Build.0 = Debug|Any CPU
		{90E7646F-43A0-41EF-86D3-6EE9C4428FEB}.hopcv|Any CPU.ActiveCfg = HoSoMotCuaEdition - Release|Any CPU
		{90E7646F-43A0-41EF-86D3-6EE9C4428FEB}.hopcv|Any CPU.Build.0 = HoSoMotCuaEdition - Release|Any CPU
		{90E7646F-43A0-41EF-86D3-6EE9C4428FEB}.HoSoMotCuaEdition - Debug|Any CPU.ActiveCfg = HoSoMotCuaEdition - Debug|Any CPU
		{90E7646F-43A0-41EF-86D3-6EE9C4428FEB}.HoSoMotCuaEdition - Debug|Any CPU.Build.0 = HoSoMotCuaEdition - Debug|Any CPU
		{90E7646F-43A0-41EF-86D3-6EE9C4428FEB}.HoSoMotCuaEdition - Release|Any CPU.ActiveCfg = HoSoMotCuaEdition - Release|Any CPU
		{90E7646F-43A0-41EF-86D3-6EE9C4428FEB}.HoSoMotCuaEdition - Release|Any CPU.Build.0 = HoSoMotCuaEdition - Release|Any CPU
		{90E7646F-43A0-41EF-86D3-6EE9C4428FEB}.HoSoMotCuaQuanTriTapTrungEdition - Debug|Any CPU.ActiveCfg = QuanTriTapTrungEdition - Debug|Any CPU
		{90E7646F-43A0-41EF-86D3-6EE9C4428FEB}.HoSoMotCuaQuanTriTapTrungEdition - Debug|Any CPU.Build.0 = QuanTriTapTrungEdition - Debug|Any CPU
		{90E7646F-43A0-41EF-86D3-6EE9C4428FEB}.HoSoMotCuaQuanTriTapTrungEdition - Release|Any CPU.ActiveCfg = QuanTriTapTrungEdition - Release|Any CPU
		{90E7646F-43A0-41EF-86D3-6EE9C4428FEB}.HoSoMotCuaQuanTriTapTrungEdition - Release|Any CPU.Build.0 = QuanTriTapTrungEdition - Release|Any CPU
		{90E7646F-43A0-41EF-86D3-6EE9C4428FEB}.HSMC-QuanTriTapTrungEdition - Debug|Any CPU.ActiveCfg = HSMC-QuanTriTapTrungEdition - Debug|Any CPU
		{90E7646F-43A0-41EF-86D3-6EE9C4428FEB}.HSMC-QuanTriTapTrungEdition - Debug|Any CPU.Build.0 = HSMC-QuanTriTapTrungEdition - Debug|Any CPU
		{90E7646F-43A0-41EF-86D3-6EE9C4428FEB}.HSMC-QuanTriTapTrungEdition - Release|Any CPU.ActiveCfg = HSMC-QuanTriTapTrungEdition - Release|Any CPU
		{90E7646F-43A0-41EF-86D3-6EE9C4428FEB}.HSMC-QuanTriTapTrungEdition - Release|Any CPU.Build.0 = HSMC-QuanTriTapTrungEdition - Release|Any CPU
		{90E7646F-43A0-41EF-86D3-6EE9C4428FEB}.QuanTriTapTrungEdition - Debug|Any CPU.ActiveCfg = QuanTriTapTrungEdition - Debug|Any CPU
		{90E7646F-43A0-41EF-86D3-6EE9C4428FEB}.QuanTriTapTrungEdition - Debug|Any CPU.Build.0 = QuanTriTapTrungEdition - Debug|Any CPU
		{90E7646F-43A0-41EF-86D3-6EE9C4428FEB}.QuanTriTapTrungEdition - Release|Any CPU.ActiveCfg = QuanTriTapTrungEdition - Release|Any CPU
		{90E7646F-43A0-41EF-86D3-6EE9C4428FEB}.QuanTriTapTrungEdition - Release|Any CPU.Build.0 = QuanTriTapTrungEdition - Release|Any CPU
		{90E7646F-43A0-41EF-86D3-6EE9C4428FEB}.Release|Any CPU.ActiveCfg = Release|Any CPU
		{90E7646F-43A0-41EF-86D3-6EE9C4428FEB}.Release|Any CPU.Build.0 = Release|Any CPU
		{90E7646F-43A0-41EF-86D3-6EE9C4428FEB}.Smart|Any CPU.ActiveCfg = XuLyVanBanEdition - Release|Any CPU
		{90E7646F-43A0-41EF-86D3-6EE9C4428FEB}.Smart|Any CPU.Build.0 = XuLyVanBanEdition - Release|Any CPU
		{90E7646F-43A0-41EF-86D3-6EE9C4428FEB}.Test - TrinhNVd|Any CPU.ActiveCfg = Test - TrinhNVd|Any CPU
		{90E7646F-43A0-41EF-86D3-6EE9C4428FEB}.Test - TrinhNVd|Any CPU.Build.0 = Test - TrinhNVd|Any CPU
		{90E7646F-43A0-41EF-86D3-6EE9C4428FEB}.Test|Any CPU.ActiveCfg = Test|Any CPU
		{90E7646F-43A0-41EF-86D3-6EE9C4428FEB}.Test|Any CPU.Build.0 = Test|Any CPU
		{90E7646F-43A0-41EF-86D3-6EE9C4428FEB}.XLVB-QuanTriTapTrungEdition - Debug|Any CPU.ActiveCfg = XLVB-QuanTriTapTrungEdition - Debug|Any CPU
		{90E7646F-43A0-41EF-86D3-6EE9C4428FEB}.XLVB-QuanTriTapTrungEdition - Debug|Any CPU.Build.0 = XLVB-QuanTriTapTrungEdition - Debug|Any CPU
		{90E7646F-43A0-41EF-86D3-6EE9C4428FEB}.XLVB-QuanTriTapTrungEdition - Release|Any CPU.ActiveCfg = XLVB-QuanTriTapTrungEdition - Release|Any CPU
		{90E7646F-43A0-41EF-86D3-6EE9C4428FEB}.XLVB-QuanTriTapTrungEdition - Release|Any CPU.Build.0 = XLVB-QuanTriTapTrungEdition - Release|Any CPU
		{90E7646F-43A0-41EF-86D3-6EE9C4428FEB}.XuLyVanBanEdition - Debug|Any CPU.ActiveCfg = XuLyVanBanEdition - Debug|Any CPU
		{90E7646F-43A0-41EF-86D3-6EE9C4428FEB}.XuLyVanBanEdition - Debug|Any CPU.Build.0 = XuLyVanBanEdition - Debug|Any CPU
		{90E7646F-43A0-41EF-86D3-6EE9C4428FEB}.XuLyVanBanEdition - Release|Any CPU.ActiveCfg = XuLyVanBanEdition - Release|Any CPU
		{90E7646F-43A0-41EF-86D3-6EE9C4428FEB}.XuLyVanBanEdition - Release|Any CPU.Build.0 = XuLyVanBanEdition - Release|Any CPU
		{90E7646F-43A0-41EF-86D3-6EE9C4428FEB}.XuLyVanBanQuanTriTapTrungEdition - Debug|Any CPU.ActiveCfg = QuanTriTapTrungEdition - Debug|Any CPU
		{90E7646F-43A0-41EF-86D3-6EE9C4428FEB}.XuLyVanBanQuanTriTapTrungEdition - Debug|Any CPU.Build.0 = QuanTriTapTrungEdition - Debug|Any CPU
		{90E7646F-43A0-41EF-86D3-6EE9C4428FEB}.XuLyVanBanQuanTriTapTrungEdition - Release|Any CPU.ActiveCfg = QuanTriTapTrungEdition - Release|Any CPU
		{90E7646F-43A0-41EF-86D3-6EE9C4428FEB}.XuLyVanBanQuanTriTapTrungEdition - Release|Any CPU.Build.0 = QuanTriTapTrungEdition - Release|Any CPU
		{CA506352-51FE-4E84-8AE3-F133D6CB0400}.BkavVersion|Any CPU.ActiveCfg = BkavVersion|Any CPU
		{CA506352-51FE-4E84-8AE3-F133D6CB0400}.BkavVersion|Any CPU.Build.0 = BkavVersion|Any CPU
		{CA506352-51FE-4E84-8AE3-F133D6CB0400}.Debug|Any CPU.ActiveCfg = Debug|Any CPU
		{CA506352-51FE-4E84-8AE3-F133D6CB0400}.Debug|Any CPU.Build.0 = Debug|Any CPU
		{CA506352-51FE-4E84-8AE3-F133D6CB0400}.hopcv|Any CPU.ActiveCfg = HoSoMotCuaQuanTriTapTrungEdition - Release|Any CPU
		{CA506352-51FE-4E84-8AE3-F133D6CB0400}.hopcv|Any CPU.Build.0 = HoSoMotCuaQuanTriTapTrungEdition - Release|Any CPU
		{CA506352-51FE-4E84-8AE3-F133D6CB0400}.HoSoMotCuaEdition - Debug|Any CPU.ActiveCfg = HoSoMotCuaEdition - Debug|Any CPU
		{CA506352-51FE-4E84-8AE3-F133D6CB0400}.HoSoMotCuaEdition - Debug|Any CPU.Build.0 = HoSoMotCuaEdition - Debug|Any CPU
		{CA506352-51FE-4E84-8AE3-F133D6CB0400}.HoSoMotCuaEdition - Release|Any CPU.ActiveCfg = HoSoMotCuaEdition - Release|Any CPU
		{CA506352-51FE-4E84-8AE3-F133D6CB0400}.HoSoMotCuaEdition - Release|Any CPU.Build.0 = HoSoMotCuaEdition - Release|Any CPU
		{CA506352-51FE-4E84-8AE3-F133D6CB0400}.HoSoMotCuaQuanTriTapTrungEdition - Debug|Any CPU.ActiveCfg = HoSoMotCuaQuanTriTapTrungEdition - Debug|Any CPU
		{CA506352-51FE-4E84-8AE3-F133D6CB0400}.HoSoMotCuaQuanTriTapTrungEdition - Debug|Any CPU.Build.0 = HoSoMotCuaQuanTriTapTrungEdition - Debug|Any CPU
		{CA506352-51FE-4E84-8AE3-F133D6CB0400}.HoSoMotCuaQuanTriTapTrungEdition - Release|Any CPU.ActiveCfg = HoSoMotCuaQuanTriTapTrungEdition - Release|Any CPU
		{CA506352-51FE-4E84-8AE3-F133D6CB0400}.HoSoMotCuaQuanTriTapTrungEdition - Release|Any CPU.Build.0 = HoSoMotCuaQuanTriTapTrungEdition - Release|Any CPU
		{CA506352-51FE-4E84-8AE3-F133D6CB0400}.HSMC-QuanTriTapTrungEdition - Debug|Any CPU.ActiveCfg = QuanTriTapTrungEdition - Debug|Any CPU
		{CA506352-51FE-4E84-8AE3-F133D6CB0400}.HSMC-QuanTriTapTrungEdition - Debug|Any CPU.Build.0 = QuanTriTapTrungEdition - Debug|Any CPU
		{CA506352-51FE-4E84-8AE3-F133D6CB0400}.HSMC-QuanTriTapTrungEdition - Release|Any CPU.ActiveCfg = QuanTriTapTrungEdition - Release|Any CPU
		{CA506352-51FE-4E84-8AE3-F133D6CB0400}.HSMC-QuanTriTapTrungEdition - Release|Any CPU.Build.0 = QuanTriTapTrungEdition - Release|Any CPU
		{CA506352-51FE-4E84-8AE3-F133D6CB0400}.QuanTriTapTrungEdition - Debug|Any CPU.ActiveCfg = QuanTriTapTrungEdition - Debug|Any CPU
		{CA506352-51FE-4E84-8AE3-F133D6CB0400}.QuanTriTapTrungEdition - Debug|Any CPU.Build.0 = QuanTriTapTrungEdition - Debug|Any CPU
		{CA506352-51FE-4E84-8AE3-F133D6CB0400}.QuanTriTapTrungEdition - Release|Any CPU.ActiveCfg = QuanTriTapTrungEdition - Release|Any CPU
		{CA506352-51FE-4E84-8AE3-F133D6CB0400}.QuanTriTapTrungEdition - Release|Any CPU.Build.0 = QuanTriTapTrungEdition - Release|Any CPU
		{CA506352-51FE-4E84-8AE3-F133D6CB0400}.Release|Any CPU.ActiveCfg = Release|Any CPU
		{CA506352-51FE-4E84-8AE3-F133D6CB0400}.Release|Any CPU.Build.0 = Release|Any CPU
		{CA506352-51FE-4E84-8AE3-F133D6CB0400}.Smart|Any CPU.ActiveCfg = Smart|Any CPU
		{CA506352-51FE-4E84-8AE3-F133D6CB0400}.Smart|Any CPU.Build.0 = Smart|Any CPU
		{CA506352-51FE-4E84-8AE3-F133D6CB0400}.Test - TrinhNVd|Any CPU.ActiveCfg = Test - TrinhNVd|Any CPU
		{CA506352-51FE-4E84-8AE3-F133D6CB0400}.Test - TrinhNVd|Any CPU.Build.0 = Test - TrinhNVd|Any CPU
		{CA506352-51FE-4E84-8AE3-F133D6CB0400}.Test|Any CPU.ActiveCfg = Test|Any CPU
		{CA506352-51FE-4E84-8AE3-F133D6CB0400}.Test|Any CPU.Build.0 = Test|Any CPU
		{CA506352-51FE-4E84-8AE3-F133D6CB0400}.XLVB-QuanTriTapTrungEdition - Debug|Any CPU.ActiveCfg = QuanTriTapTrungEdition - Debug|Any CPU
		{CA506352-51FE-4E84-8AE3-F133D6CB0400}.XLVB-QuanTriTapTrungEdition - Debug|Any CPU.Build.0 = QuanTriTapTrungEdition - Debug|Any CPU
		{CA506352-51FE-4E84-8AE3-F133D6CB0400}.XLVB-QuanTriTapTrungEdition - Release|Any CPU.ActiveCfg = QuanTriTapTrungEdition - Release|Any CPU
		{CA506352-51FE-4E84-8AE3-F133D6CB0400}.XLVB-QuanTriTapTrungEdition - Release|Any CPU.Build.0 = QuanTriTapTrungEdition - Release|Any CPU
		{CA506352-51FE-4E84-8AE3-F133D6CB0400}.XuLyVanBanEdition - Debug|Any CPU.ActiveCfg = XuLyVanBanEdition - Debug|Any CPU
		{CA506352-51FE-4E84-8AE3-F133D6CB0400}.XuLyVanBanEdition - Debug|Any CPU.Build.0 = XuLyVanBanEdition - Debug|Any CPU
		{CA506352-51FE-4E84-8AE3-F133D6CB0400}.XuLyVanBanEdition - Release|Any CPU.ActiveCfg = XuLyVanBanEdition - Release|Any CPU
		{CA506352-51FE-4E84-8AE3-F133D6CB0400}.XuLyVanBanEdition - Release|Any CPU.Build.0 = XuLyVanBanEdition - Release|Any CPU
		{CA506352-51FE-4E84-8AE3-F133D6CB0400}.XuLyVanBanQuanTriTapTrungEdition - Debug|Any CPU.ActiveCfg = XuLyVanBanQuanTriTapTrungEdition - Debug|Any CPU
		{CA506352-51FE-4E84-8AE3-F133D6CB0400}.XuLyVanBanQuanTriTapTrungEdition - Debug|Any CPU.Build.0 = XuLyVanBanQuanTriTapTrungEdition - Debug|Any CPU
		{CA506352-51FE-4E84-8AE3-F133D6CB0400}.XuLyVanBanQuanTriTapTrungEdition - Release|Any CPU.ActiveCfg = XuLyVanBanQuanTriTapTrungEdition - Release|Any CPU
		{CA506352-51FE-4E84-8AE3-F133D6CB0400}.XuLyVanBanQuanTriTapTrungEdition - Release|Any CPU.Build.0 = XuLyVanBanQuanTriTapTrungEdition - Release|Any CPU
		{5CDB9878-DE6A-44AC-9902-F24A5DD91070}.BkavVersion|Any CPU.ActiveCfg = BkavVersion|Any CPU
		{5CDB9878-DE6A-44AC-9902-F24A5DD91070}.BkavVersion|Any CPU.Build.0 = BkavVersion|Any CPU
		{5CDB9878-DE6A-44AC-9902-F24A5DD91070}.Debug|Any CPU.ActiveCfg = Debug|Any CPU
		{5CDB9878-DE6A-44AC-9902-F24A5DD91070}.Debug|Any CPU.Build.0 = Debug|Any CPU
		{5CDB9878-DE6A-44AC-9902-F24A5DD91070}.hopcv|Any CPU.ActiveCfg = hopcv|Any CPU
		{5CDB9878-DE6A-44AC-9902-F24A5DD91070}.hopcv|Any CPU.Build.0 = hopcv|Any CPU
		{5CDB9878-DE6A-44AC-9902-F24A5DD91070}.HoSoMotCuaEdition - Debug|Any CPU.ActiveCfg = HoSoMotCuaEdition - Debug|Any CPU
		{5CDB9878-DE6A-44AC-9902-F24A5DD91070}.HoSoMotCuaEdition - Debug|Any CPU.Build.0 = HoSoMotCuaEdition - Debug|Any CPU
		{5CDB9878-DE6A-44AC-9902-F24A5DD91070}.HoSoMotCuaEdition - Release|Any CPU.ActiveCfg = HoSoMotCuaEdition - Release|Any CPU
		{5CDB9878-DE6A-44AC-9902-F24A5DD91070}.HoSoMotCuaEdition - Release|Any CPU.Build.0 = HoSoMotCuaEdition - Release|Any CPU
		{5CDB9878-DE6A-44AC-9902-F24A5DD91070}.HoSoMotCuaQuanTriTapTrungEdition - Debug|Any CPU.ActiveCfg = HoSoMotCuaQuanTriTapTrungEdition - Debug|Any CPU
		{5CDB9878-DE6A-44AC-9902-F24A5DD91070}.HoSoMotCuaQuanTriTapTrungEdition - Debug|Any CPU.Build.0 = HoSoMotCuaQuanTriTapTrungEdition - Debug|Any CPU
		{5CDB9878-DE6A-44AC-9902-F24A5DD91070}.HoSoMotCuaQuanTriTapTrungEdition - Release|Any CPU.ActiveCfg = HoSoMotCuaQuanTriTapTrungEdition - Release|Any CPU
		{5CDB9878-DE6A-44AC-9902-F24A5DD91070}.HoSoMotCuaQuanTriTapTrungEdition - Release|Any CPU.Build.0 = HoSoMotCuaQuanTriTapTrungEdition - Release|Any CPU
		{5CDB9878-DE6A-44AC-9902-F24A5DD91070}.HSMC-QuanTriTapTrungEdition - Debug|Any CPU.ActiveCfg = QuanTriTapTrungEdition - Debug|Any CPU
		{5CDB9878-DE6A-44AC-9902-F24A5DD91070}.HSMC-QuanTriTapTrungEdition - Debug|Any CPU.Build.0 = QuanTriTapTrungEdition - Debug|Any CPU
		{5CDB9878-DE6A-44AC-9902-F24A5DD91070}.HSMC-QuanTriTapTrungEdition - Release|Any CPU.ActiveCfg = QuanTriTapTrungEdition - Release|Any CPU
		{5CDB9878-DE6A-44AC-9902-F24A5DD91070}.HSMC-QuanTriTapTrungEdition - Release|Any CPU.Build.0 = QuanTriTapTrungEdition - Release|Any CPU
		{5CDB9878-DE6A-44AC-9902-F24A5DD91070}.QuanTriTapTrungEdition - Debug|Any CPU.ActiveCfg = QuanTriTapTrungEdition - Debug|Any CPU
		{5CDB9878-DE6A-44AC-9902-F24A5DD91070}.QuanTriTapTrungEdition - Debug|Any CPU.Build.0 = QuanTriTapTrungEdition - Debug|Any CPU
		{5CDB9878-DE6A-44AC-9902-F24A5DD91070}.QuanTriTapTrungEdition - Release|Any CPU.ActiveCfg = QuanTriTapTrungEdition - Release|Any CPU
		{5CDB9878-DE6A-44AC-9902-F24A5DD91070}.QuanTriTapTrungEdition - Release|Any CPU.Build.0 = QuanTriTapTrungEdition - Release|Any CPU
		{5CDB9878-DE6A-44AC-9902-F24A5DD91070}.Release|Any CPU.ActiveCfg = Release|Any CPU
		{5CDB9878-DE6A-44AC-9902-F24A5DD91070}.Release|Any CPU.Build.0 = Release|Any CPU
		{5CDB9878-DE6A-44AC-9902-F24A5DD91070}.Smart|Any CPU.ActiveCfg = Smart|Any CPU
		{5CDB9878-DE6A-44AC-9902-F24A5DD91070}.Smart|Any CPU.Build.0 = Smart|Any CPU
		{5CDB9878-DE6A-44AC-9902-F24A5DD91070}.Test - TrinhNVd|Any CPU.ActiveCfg = Test - TrinhNVd|Any CPU
		{5CDB9878-DE6A-44AC-9902-F24A5DD91070}.Test - TrinhNVd|Any CPU.Build.0 = Test - TrinhNVd|Any CPU
		{5CDB9878-DE6A-44AC-9902-F24A5DD91070}.Test|Any CPU.ActiveCfg = Test|Any CPU
		{5CDB9878-DE6A-44AC-9902-F24A5DD91070}.Test|Any CPU.Build.0 = Test|Any CPU
		{5CDB9878-DE6A-44AC-9902-F24A5DD91070}.XLVB-QuanTriTapTrungEdition - Debug|Any CPU.ActiveCfg = QuanTriTapTrungEdition - Debug|Any CPU
		{5CDB9878-DE6A-44AC-9902-F24A5DD91070}.XLVB-QuanTriTapTrungEdition - Debug|Any CPU.Build.0 = QuanTriTapTrungEdition - Debug|Any CPU
		{5CDB9878-DE6A-44AC-9902-F24A5DD91070}.XLVB-QuanTriTapTrungEdition - Release|Any CPU.ActiveCfg = QuanTriTapTrungEdition - Release|Any CPU
		{5CDB9878-DE6A-44AC-9902-F24A5DD91070}.XLVB-QuanTriTapTrungEdition - Release|Any CPU.Build.0 = QuanTriTapTrungEdition - Release|Any CPU
		{5CDB9878-DE6A-44AC-9902-F24A5DD91070}.XuLyVanBanEdition - Debug|Any CPU.ActiveCfg = XuLyVanBanEdition - Debug|Any CPU
		{5CDB9878-DE6A-44AC-9902-F24A5DD91070}.XuLyVanBanEdition - Debug|Any CPU.Build.0 = XuLyVanBanEdition - Debug|Any CPU
		{5CDB9878-DE6A-44AC-9902-F24A5DD91070}.XuLyVanBanEdition - Release|Any CPU.ActiveCfg = XuLyVanBanEdition - Release|Any CPU
		{5CDB9878-DE6A-44AC-9902-F24A5DD91070}.XuLyVanBanEdition - Release|Any CPU.Build.0 = XuLyVanBanEdition - Release|Any CPU
		{5CDB9878-DE6A-44AC-9902-F24A5DD91070}.XuLyVanBanQuanTriTapTrungEdition - Debug|Any CPU.ActiveCfg = XuLyVanBanQuanTriTapTrungEdition - Debug|Any CPU
		{5CDB9878-DE6A-44AC-9902-F24A5DD91070}.XuLyVanBanQuanTriTapTrungEdition - Debug|Any CPU.Build.0 = XuLyVanBanQuanTriTapTrungEdition - Debug|Any CPU
		{5CDB9878-DE6A-44AC-9902-F24A5DD91070}.XuLyVanBanQuanTriTapTrungEdition - Release|Any CPU.ActiveCfg = XuLyVanBanQuanTriTapTrungEdition - Release|Any CPU
		{5CDB9878-DE6A-44AC-9902-F24A5DD91070}.XuLyVanBanQuanTriTapTrungEdition - Release|Any CPU.Build.0 = XuLyVanBanQuanTriTapTrungEdition - Release|Any CPU
		{D509083F-64D8-4849-897C-F131E870FCBD}.BkavVersion|Any CPU.ActiveCfg = BkavVersion|Any CPU
		{D509083F-64D8-4849-897C-F131E870FCBD}.BkavVersion|Any CPU.Build.0 = BkavVersion|Any CPU
		{D509083F-64D8-4849-897C-F131E870FCBD}.Debug|Any CPU.ActiveCfg = Debug|Any CPU
		{D509083F-64D8-4849-897C-F131E870FCBD}.Debug|Any CPU.Build.0 = Debug|Any CPU
		{D509083F-64D8-4849-897C-F131E870FCBD}.hopcv|Any CPU.ActiveCfg = HoSoMotCuaEdition - Release|Any CPU
		{D509083F-64D8-4849-897C-F131E870FCBD}.hopcv|Any CPU.Build.0 = HoSoMotCuaEdition - Release|Any CPU
		{D509083F-64D8-4849-897C-F131E870FCBD}.HoSoMotCuaEdition - Debug|Any CPU.ActiveCfg = HoSoMotCuaEdition - Debug|Any CPU
		{D509083F-64D8-4849-897C-F131E870FCBD}.HoSoMotCuaEdition - Debug|Any CPU.Build.0 = HoSoMotCuaEdition - Debug|Any CPU
		{D509083F-64D8-4849-897C-F131E870FCBD}.HoSoMotCuaEdition - Release|Any CPU.ActiveCfg = HoSoMotCuaEdition - Release|Any CPU
		{D509083F-64D8-4849-897C-F131E870FCBD}.HoSoMotCuaEdition - Release|Any CPU.Build.0 = HoSoMotCuaEdition - Release|Any CPU
		{D509083F-64D8-4849-897C-F131E870FCBD}.HoSoMotCuaQuanTriTapTrungEdition - Debug|Any CPU.ActiveCfg = QuanTriTapTrungEdition - Debug|Any CPU
		{D509083F-64D8-4849-897C-F131E870FCBD}.HoSoMotCuaQuanTriTapTrungEdition - Debug|Any CPU.Build.0 = QuanTriTapTrungEdition - Debug|Any CPU
		{D509083F-64D8-4849-897C-F131E870FCBD}.HoSoMotCuaQuanTriTapTrungEdition - Release|Any CPU.ActiveCfg = QuanTriTapTrungEdition - Release|Any CPU
		{D509083F-64D8-4849-897C-F131E870FCBD}.HoSoMotCuaQuanTriTapTrungEdition - Release|Any CPU.Build.0 = QuanTriTapTrungEdition - Release|Any CPU
		{D509083F-64D8-4849-897C-F131E870FCBD}.HSMC-QuanTriTapTrungEdition - Debug|Any CPU.ActiveCfg = HSMC-QuanTriTapTrungEdition - Debug|Any CPU
		{D509083F-64D8-4849-897C-F131E870FCBD}.HSMC-QuanTriTapTrungEdition - Debug|Any CPU.Build.0 = HSMC-QuanTriTapTrungEdition - Debug|Any CPU
		{D509083F-64D8-4849-897C-F131E870FCBD}.HSMC-QuanTriTapTrungEdition - Release|Any CPU.ActiveCfg = HSMC-QuanTriTapTrungEdition - Release|Any CPU
		{D509083F-64D8-4849-897C-F131E870FCBD}.HSMC-QuanTriTapTrungEdition - Release|Any CPU.Build.0 = HSMC-QuanTriTapTrungEdition - Release|Any CPU
		{D509083F-64D8-4849-897C-F131E870FCBD}.QuanTriTapTrungEdition - Debug|Any CPU.ActiveCfg = QuanTriTapTrungEdition - Debug|Any CPU
		{D509083F-64D8-4849-897C-F131E870FCBD}.QuanTriTapTrungEdition - Debug|Any CPU.Build.0 = QuanTriTapTrungEdition - Debug|Any CPU
		{D509083F-64D8-4849-897C-F131E870FCBD}.QuanTriTapTrungEdition - Release|Any CPU.ActiveCfg = QuanTriTapTrungEdition - Release|Any CPU
		{D509083F-64D8-4849-897C-F131E870FCBD}.QuanTriTapTrungEdition - Release|Any CPU.Build.0 = QuanTriTapTrungEdition - Release|Any CPU
		{D509083F-64D8-4849-897C-F131E870FCBD}.Release|Any CPU.ActiveCfg = Release|Any CPU
		{D509083F-64D8-4849-897C-F131E870FCBD}.Release|Any CPU.Build.0 = Release|Any CPU
		{D509083F-64D8-4849-897C-F131E870FCBD}.Smart|Any CPU.ActiveCfg = Smart|Any CPU
		{D509083F-64D8-4849-897C-F131E870FCBD}.Smart|Any CPU.Build.0 = Smart|Any CPU
		{D509083F-64D8-4849-897C-F131E870FCBD}.Test - TrinhNVd|Any CPU.ActiveCfg = Test - TrinhNVd|Any CPU
		{D509083F-64D8-4849-897C-F131E870FCBD}.Test - TrinhNVd|Any CPU.Build.0 = Test - TrinhNVd|Any CPU
		{D509083F-64D8-4849-897C-F131E870FCBD}.Test|Any CPU.ActiveCfg = Test|Any CPU
		{D509083F-64D8-4849-897C-F131E870FCBD}.Test|Any CPU.Build.0 = Test|Any CPU
		{D509083F-64D8-4849-897C-F131E870FCBD}.XLVB-QuanTriTapTrungEdition - Debug|Any CPU.ActiveCfg = XLVB-QuanTriTapTrungEdition - Debug|Any CPU
		{D509083F-64D8-4849-897C-F131E870FCBD}.XLVB-QuanTriTapTrungEdition - Debug|Any CPU.Build.0 = XLVB-QuanTriTapTrungEdition - Debug|Any CPU
		{D509083F-64D8-4849-897C-F131E870FCBD}.XLVB-QuanTriTapTrungEdition - Release|Any CPU.ActiveCfg = XLVB-QuanTriTapTrungEdition - Release|Any CPU
		{D509083F-64D8-4849-897C-F131E870FCBD}.XLVB-QuanTriTapTrungEdition - Release|Any CPU.Build.0 = XLVB-QuanTriTapTrungEdition - Release|Any CPU
		{D509083F-64D8-4849-897C-F131E870FCBD}.XuLyVanBanEdition - Debug|Any CPU.ActiveCfg = XuLyVanBanEdition - Debug|Any CPU
		{D509083F-64D8-4849-897C-F131E870FCBD}.XuLyVanBanEdition - Debug|Any CPU.Build.0 = XuLyVanBanEdition - Debug|Any CPU
		{D509083F-64D8-4849-897C-F131E870FCBD}.XuLyVanBanEdition - Release|Any CPU.ActiveCfg = XuLyVanBanEdition - Release|Any CPU
		{D509083F-64D8-4849-897C-F131E870FCBD}.XuLyVanBanEdition - Release|Any CPU.Build.0 = XuLyVanBanEdition - Release|Any CPU
		{D509083F-64D8-4849-897C-F131E870FCBD}.XuLyVanBanQuanTriTapTrungEdition - Debug|Any CPU.ActiveCfg = QuanTriTapTrungEdition - Debug|Any CPU
		{D509083F-64D8-4849-897C-F131E870FCBD}.XuLyVanBanQuanTriTapTrungEdition - Debug|Any CPU.Build.0 = QuanTriTapTrungEdition - Debug|Any CPU
		{D509083F-64D8-4849-897C-F131E870FCBD}.XuLyVanBanQuanTriTapTrungEdition - Release|Any CPU.ActiveCfg = QuanTriTapTrungEdition - Release|Any CPU
		{D509083F-64D8-4849-897C-F131E870FCBD}.XuLyVanBanQuanTriTapTrungEdition - Release|Any CPU.Build.0 = QuanTriTapTrungEdition - Release|Any CPU
	EndGlobalSection
	GlobalSection(SolutionProperties) = preSolution
		HideSolutionNode = FALSE
	EndGlobalSection
EndGlobal
